// !$*UTF8*$!
{
	archiveVersion = 1;
	classes = {
	};
	objectVersion = 50;
	objects = {

/* Begin PBXBuildFile section */
		2CA305F6212C494900CD5F80 /* main.m in Sources */ = {isa = PBXBuildFile; fileRef = 2CA305F5212C494900CD5F80 /* main.m */; };
		2CA30603212C56FA00CD5F80 /* DPMetaGenerator.m in Sources */ = {isa = PBXBuildFile; fileRef = 2CA30602212C56FA00CD5F80 /* DPMetaGenerator.m */; };
		2CA30606212C571900CD5F80 /* DPProductA.m in Sources */ = {isa = PBXBuildFile; fileRef = 2CA30605212C571900CD5F80 /* DPProductA.m */; };
		2CA30609212C572500CD5F80 /* DPProductB.m in Sources */ = {isa = PBXBuildFile; fileRef = 2CA30608212C572500CD5F80 /* DPProductB.m */; };
		2CA3060C212C5EA200CD5F80 /* DPMetaProduct.m in Sources */ = {isa = PBXBuildFile; fileRef = 2CA3060B212C5EA200CD5F80 /* DPMetaProduct.m */; };
		2CA3060F212C5F1800CD5F80 /* DPProductAGenerator.m in Sources */ = {isa = PBXBuildFile; fileRef = 2CA3060E212C5F1800CD5F80 /* DPProductAGenerator.m */; };
		2CA30612212C5F2700CD5F80 /* DPProductBGenerator.m in Sources */ = {isa = PBXBuildFile; fileRef = 2CA30611212C5F2700CD5F80 /* DPProductBGenerator.m */; };
/* End PBXBuildFile section */

/* Begin PBXCopyFilesBuildPhase section */
		2CA305F0212C494900CD5F80 /* CopyFiles */ = {
			isa = PBXCopyFilesBuildPhase;
			buildActionMask = 2147483647;
			dstPath = /usr/share/man/man1/;
			dstSubfolderSpec = 0;
			files = (
			);
			runOnlyForDeploymentPostprocessing = 1;
		};
/* End PBXCopyFilesBuildPhase section */

/* Begin PBXFileReference section */
		2CA305F2212C494900CD5F80 /* DPFactory */ = {isa = PBXFileReference; explicitFileType = "compiled.mach-o.executable"; includeInIndex = 0; path = DPFactory; sourceTree = BUILT_PRODUCTS_DIR; };
		2CA305F5212C494900CD5F80 /* main.m */ = {isa = PBXFileReference; lastKnownFileType = sourcecode.c.objc; path = main.m; sourceTree = "<group>"; };
		2CA30601212C56FA00CD5F80 /* DPMetaGenerator.h */ = {isa = PBXFileReference; lastKnownFileType = sourcecode.c.h; path = DPMetaGenerator.h; sourceTree = "<group>"; };
		2CA30602212C56FA00CD5F80 /* DPMetaGenerator.m */ = {isa = PBXFileReference; lastKnownFileType = sourcecode.c.objc; path = DPMetaGenerator.m; sourceTree = "<group>"; };
		2CA30604212C571900CD5F80 /* DPProductA.h */ = {isa = PBXFileReference; lastKnownFileType = sourcecode.c.h; path = DPProductA.h; sourceTree = "<group>"; };
		2CA30605212C571900CD5F80 /* DPProductA.m */ = {isa = PBXFileReference; lastKnownFileType = sourcecode.c.objc; path = DPProductA.m; sourceTree = "<group>"; };
		2CA30607212C572500CD5F80 /* DPProductB.h */ = {isa = PBXFileReference; lastKnownFileType = sourcecode.c.h; path = DPProductB.h; sourceTree = "<group>"; };
		2CA30608212C572500CD5F80 /* DPProductB.m */ = {isa = PBXFileReference; lastKnownFileType = sourcecode.c.objc; path = DPProductB.m; sourceTree = "<group>"; };
		2CA3060A212C5EA200CD5F80 /* DPMetaProduct.h */ = {isa = PBXFileReference; lastKnownFileType = sourcecode.c.h; path = DPMetaProduct.h; sourceTree = "<group>"; };
		2CA3060B212C5EA200CD5F80 /* DPMetaProduct.m */ = {isa = PBXFileReference; lastKnownFileType = sourcecode.c.objc; path = DPMetaProduct.m; sourceTree = "<group>"; };
		2CA3060D212C5F1800CD5F80 /* DPProductAGenerator.h */ = {isa = PBXFileReference; lastKnownFileType = sourcecode.c.h; path = DPProductAGenerator.h; sourceTree = "<group>"; };
		2CA3060E212C5F1800CD5F80 /* DPProductAGenerator.m */ = {isa = PBXFileReference; lastKnownFileType = sourcecode.c.objc; path = DPProductAGenerator.m; sourceTree = "<group>"; };
		2CA30610212C5F2700CD5F80 /* DPProductBGenerator.h */ = {isa = PBXFileReference; lastKnownFileType = sourcecode.c.h; path = DPProductBGenerator.h; sourceTree = "<group>"; };
		2CA30611212C5F2700CD5F80 /* DPProductBGenerator.m */ = {isa = PBXFileReference; lastKnownFileType = sourcecode.c.objc; path = DPProductBGenerator.m; sourceTree = "<group>"; };
/* End PBXFileReference section */

/* Begin PBXFrameworksBuildPhase section */
		2CA305EF212C494900CD5F80 /* Frameworks */ = {
			isa = PBXFrameworksBuildPhase;
			buildActionMask = 2147483647;
			files = (
			);
			runOnlyForDeploymentPostprocessing = 0;
		};
/* End PBXFrameworksBuildPhase section */

/* Begin PBXGroup section */
		2CA305E9212C494900CD5F80 = {
			isa = PBXGroup;
			children = (
				2CA305F4212C494900CD5F80 /* DPFactory */,
				2CA305F3212C494900CD5F80 /* Products */,
			);
			sourceTree = "<group>";
		};
		2CA305F3212C494900CD5F80 /* Products */ = {
			isa = PBXGroup;
			children = (
				2CA305F2212C494900CD5F80 /* DPFactory */,
			);
			name = Products;
			sourceTree = "<group>";
		};
		2CA305F4212C494900CD5F80 /* DPFactory */ = {
			isa = PBXGroup;
			children = (
				2CA305F5212C494900CD5F80 /* main.m */,
				2CA30601212C56FA00CD5F80 /* DPMetaGenerator.h */,
				2CA30602212C56FA00CD5F80 /* DPMetaGenerator.m */,
				2CA3060D212C5F1800CD5F80 /* DPProductAGenerator.h */,
				2CA3060E212C5F1800CD5F80 /* DPProductAGenerator.m */,
				2CA30610212C5F2700CD5F80 /* DPProductBGenerator.h */,
				2CA30611212C5F2700CD5F80 /* DPProductBGenerator.m */,
				2CA3060A212C5EA200CD5F80 /* DPMetaProduct.h */,
				2CA3060B212C5EA200CD5F80 /* DPMetaProduct.m */,
				2CA30604212C571900CD5F80 /* DPProductA.h */,
				2CA30605212C571900CD5F80 /* DPProductA.m */,
				2CA30607212C572500CD5F80 /* DPProductB.h */,
				2CA30608212C572500CD5F80 /* DPProductB.m */,
			);
			path = DPFactory;
			sourceTree = "<group>";
		};
/* End PBXGroup section */

/* Begin PBXNativeTarget section */
		2CA305F1212C494900CD5F80 /* DPFactory */ = {
			isa = PBXNativeTarget;
			buildConfigurationList = 2CA305F9212C494900CD5F80 /* Build configuration list for PBXNativeTarget "DPFactory" */;
			buildPhases = (
				2CA305EE212C494900CD5F80 /* Sources */,
				2CA305EF212C494900CD5F80 /* Frameworks */,
				2CA305F0212C494900CD5F80 /* CopyFiles */,
			);
			buildRules = (
			);
			dependencies = (
			);
			name = DPFactory;
			productName = DPFactory;
			productReference = 2CA305F2212C494900CD5F80 /* DPFactory */;
			productType = "com.apple.product-type.tool";
		};
/* End PBXNativeTarget section */

/* Begin PBXProject section */
		2CA305EA212C494900CD5F80 /* Project object */ = {
			isa = PBXProject;
			attributes = {
				LastUpgradeCheck = 0940;
				ORGANIZATIONNAME = Johnson;
				TargetAttributes = {
					2CA305F1212C494900CD5F80 = {
						CreatedOnToolsVersion = 9.4.1;
					};
				};
			};
			buildConfigurationList = 2CA305ED212C494900CD5F80 /* Build configuration list for PBXProject "DPFactory" */;
			compatibilityVersion = "Xcode 9.3";
			developmentRegion = en;
			hasScannedForEncodings = 0;
			knownRegions = (
				en,
			);
			mainGroup = 2CA305E9212C494900CD5F80;
			productRefGroup = 2CA305F3212C494900CD5F80 /* Products */;
			projectDirPath = "";
			projectRoot = "";
			targets = (
				2CA305F1212C494900CD5F80 /* DPFactory */,
			);
		};
/* End PBXProject section */

/* Begin PBXSourcesBuildPhase section */
		2CA305EE212C494900CD5F80 /* Sources */ = {
			isa = PBXSourcesBuildPhase;
			buildActionMask = 2147483647;
			files = (
				2CA30606212C571900CD5F80 /* DPProductA.m in Sources */,
				2CA30612212C5F2700CD5F80 /* DPProductBGenerator.m in Sources */,
				2CA3060F212C5F1800CD5F80 /* DPProductAGenerator.m in Sources */,
				2CA3060C212C5EA200CD5F80 /* DPMetaProduct.m in Sources */,
				2CA30603212C56FA00CD5F80 /* DPMetaGenerator.m in Sources */,
				2CA30609212C572500CD5F80 /* DPProductB.m in Sources */,
				2CA305F6212C494900CD5F80 /* main.m in Sources */,
			);
			runOnlyForDeploymentPostprocessing = 0;
		};
/* End PBXSourcesBuildPhase section */

/* Begin XCBuildConfiguration section */
		2CA305F7212C494900CD5F80 /* Debug */ = {
			isa = XCBuildConfiguration;
			buildSettings = {
				ALWAYS_SEARCH_USER_PATHS = NO;
				CLANG_ANALYZER_NONNULL = YES;
				CLANG_ANALYZER_NUMBER_OBJECT_CONVERSION = YES_AGGRESSIVE;
				CLANG_CXX_LANGUAGE_STANDARD = "gnu++14";
				CLANG_CXX_LIBRARY = "libc++";
				CLANG_ENABLE_MODULES = YES;
				CLANG_ENABLE_OBJC_ARC = YES;
				CLANG_ENABLE_OBJC_WEAK = YES;
				CLANG_WARN_BLOCK_CAPTURE_AUTORELEASING = YES;
				CLANG_WARN_BOOL_CONVERSION = YES;
				CLANG_WARN_COMMA = YES;
				CLANG_WARN_CONSTANT_CONVERSION = YES;
				CLANG_WARN_DEPRECATED_OBJC_IMPLEMENTATIONS = YES;
				CLANG_WARN_DIRECT_OBJC_ISA_USAGE = YES_ERROR;
				CLANG_WARN_DOCUMENTATION_COMMENTS = YES;
				CLANG_WARN_EMPTY_BODY = YES;
				CLANG_WARN_ENUM_CONVERSION = YES;
				CLANG_WARN_INFINITE_RECURSION = YES;
				CLANG_WARN_INT_CONVERSION = YES;
				CLANG_WARN_NON_LITERAL_NULL_CONVERSION = YES;
				CLANG_WARN_OBJC_IMPLICIT_RETAIN_SELF = YES;
				CLANG_WARN_OBJC_LITERAL_CONVERSION = YES;
				CLANG_WARN_OBJC_ROOT_CLASS = YES_ERROR;
				CLANG_WARN_RANGE_LOOP_ANALYSIS = YES;
				CLANG_WARN_STRICT_PROTOTYPES = YES;
				CLANG_WARN_SUSPICIOUS_MOVE = YES;
				CLANG_WARN_UNGUARDED_AVAILABILITY = YES_AGGRESSIVE;
				CLANG_WARN_UNREACHABLE_CODE = YES;
				CLANG_WARN__DUPLICATE_METHOD_MATCH = YES;
				CODE_SIGN_IDENTITY = "-";
				COPY_PHASE_STRIP = NO;
				DEBUG_INFORMATION_FORMAT = dwarf;
				ENABLE_STRICT_OBJC_MSGSEND = YES;
				ENABLE_TESTABILITY = YES;
				GCC_C_LANGUAGE_STANDARD = gnu11;
				GCC_DYNAMIC_NO_PIC = NO;
				GCC_NO_COMMON_BLOCKS = YES;
				GCC_OPTIMIZATION_LEVEL = 0;
				GCC_PREPROCESSOR_DEFINITIONS = (
					"DEBUG=1",
					"$(inherited)",
				);
				GCC_WARN_64_TO_32_BIT_CONVERSION = YES;
				GCC_WARN_ABOUT_RETURN_TYPE = YES_ERROR;
				GCC_WARN_UNDECLARED_SELECTOR = YES;
				GCC_WARN_UNINITIALIZED_AUTOS = YES_AGGRESSIVE;
				GCC_WARN_UNUSED_FUNCTION = YES;
				GCC_WARN_UNUSED_VARIABLE = YES;
				MACOSX_DEPLOYMENT_TARGET = 10.13;
				MTL_ENABLE_DEBUG_INFO = YES;
				ONLY_ACTIVE_ARCH = YES;
				SDKROOT = macosx;
			};
			name = Debug;
		};
		2CA305F8212C494900CD5F80 /* Release */ = {
			isa = XCBuildConfiguration;
			buildSettings = {
				ALWAYS_SEARCH_USER_PATHS = NO;
				CLANG_ANALYZER_NONNULL = YES;
				CLANG_ANALYZER_NUMBER_OBJECT_CONVERSION = YES_AGGRESSIVE;
				CLANG_CXX_LANGUAGE_STANDARD = "gnu++14";
				CLANG_CXX_LIBRARY = "libc++";
				CLANG_ENABLE_MODULES = YES;
				CLANG_ENABLE_OBJC_ARC = YES;
				CLANG_ENABLE_OBJC_WEAK = YES;
				CLANG_WARN_BLOCK_CAPTURE_AUTORELEASING = YES;
				CLANG_WARN_BOOL_CONVERSION = YES;
				CLANG_WARN_COMMA = YES;
				CLANG_WARN_CONSTANT_CONVERSION = YES;
				CLANG_WARN_DEPRECATED_OBJC_IMPLEMENTATIONS = YES;
				CLANG_WARN_DIRECT_OBJC_ISA_USAGE = YES_ERROR;
				CLANG_WARN_DOCUMENTATION_COMMENTS = YES;
				CLANG_WARN_EMPTY_BODY = YES;
				CLANG_WARN_ENUM_CONVERSION = YES;
				CLANG_WARN_INFINITE_RECURSION = YES;
				CLANG_WARN_INT_CONVERSION = YES;
				CLANG_WARN_NON_LITERAL_NULL_CONVERSION = YES;
				CLANG_WARN_OBJC_IMPLICIT_RETAIN_SELF = YES;
				CLANG_WARN_OBJC_LITERAL_CONVERSION = YES;
				CLANG_WARN_OBJC_ROOT_CLASS = YES_ERROR;
				CLANG_WARN_RANGE_LOOP_ANALYSIS = YES;
				CLANG_WARN_STRICT_PROTOTYPES = YES;
				CLANG_WARN_SUSPICIOUS_MOVE = YES;
				CLANG_WARN_UNGUARDED_AVAILABILITY = YES_AGGRESSIVE;
				CLANG_WARN_UNREACHABLE_CODE = YES;
				CLANG_WARN__DUPLICATE_METHOD_MATCH = YES;
				CODE_SIGN_IDENTITY = "-";
				COPY_PHASE_STRIP = NO;
				DEBUG_INFORMATION_FORMAT = "dwarf-with-dsym";
				ENABLE_NS_ASSERTIONS = NO;
				ENABLE_STRICT_OBJC_MSGSEND = YES;
				GCC_C_LANGUAGE_STANDARD = gnu11;
				GCC_NO_COMMON_BLOCKS = YES;
				GCC_WARN_64_TO_32_BIT_CONVERSION = YES;
				GCC_WARN_ABOUT_RETURN_TYPE = YES_ERROR;
				GCC_WARN_UNDECLARED_SELECTOR = YES;
				GCC_WARN_UNINITIALIZED_AUTOS = YES_AGGRESSIVE;
				GCC_WARN_UNUSED_FUNCTION = YES;
				GCC_WARN_UNUSED_VARIABLE = YES;
				MACOSX_DEPLOYMENT_TARGET = 10.13;
				MTL_ENABLE_DEBUG_INFO = NO;
				SDKROOT = macosx;
			};
			name = Release;
		};
		2CA305FA212C494900CD5F80 /* Debug */ = {
			isa = XCBuildConfiguration;
			buildSettings = {
				CODE_SIGN_STYLE = Automatic;
				PRODUCT_NAME = "$(TARGET_NAME)";
			};
			name = Debug;
		};
		2CA305FB212C494900CD5F80 /* Release */ = {
			isa = XCBuildConfiguration;
			buildSettings = {
				CODE_SIGN_STYLE = Automatic;
				PRODUCT_NAME = "$(TARGET_NAME)";
			};
			name = Release;
		};
/* End XCBuildConfiguration section */

/* Begin XCConfigurationList section */
		2CA305ED212C494900CD5F80 /* Build configuration list for PBXProject "DPFactory" */ = {
			isa = XCConfigurationList;
			buildConfigurations = (
				2CA305F7212C494900CD5F80 /* Debug */,
				2CA305F8212C494900CD5F80 /* Release */,
			);
			defaultConfigurationIsVisible = 0;
			defaultConfigurationName = Release;
		};
		2CA305F9212C494900CD5F80 /* Build configuration list for PBXNativeTarget "DPFactory" */ = {
			isa = XCConfigurationList;
			buildConfigurations = (
				2CA305FA212C494900CD5F80 /* Debug */,
				2CA305FB212C494900CD5F80 /* Release */,
			);
			defaultConfigurationIsVisible = 0;
			defaultConfigurationName = Release;
		};
/* End XCConfigurationList section */
	};
	rootObject = 2CA305EA212C494900CD5F80 /* Project object */;
}
